
Microsoft Visual Studio Solution File, Format Version 12.00
# Visual Studio Version 17
VisualStudioVersion = 17.11.35303.130
MinimumVisualStudioVersion = 10.0.40219.1
Project("{FAE04EC0-301F-11D3-BF4B-00C04F79EFBC}") = "kal", "kal\kal.csproj", "{F87E7118-7264-4367-963A-699860BD33ED}"
EndProject
Global
	GlobalSection(SolutionConfigurationPlatforms) = preSolution
		Debug|Any CPU = Debug|Any CPU
		Release|Any CPU = Release|Any CPU
	EndGlobalSection
	GlobalSection(ProjectConfigurationPlatforms) = postSolution
		{F87E7118-7264-4367-963A-699860BD33ED}.Debug|Any CPU.ActiveCfg = Debug|Any CPU
		{F87E7118-7264-4367-963A-699860BD33ED}.Debug|Any CPU.Build.0 = Debug|Any CPU
		{F87E7118-7264-4367-963A-699860BD33ED}.Release|Any CPU.ActiveCfg = Release|Any CPU
		{F87E7118-7264-4367-963A-699860BD33ED}.Release|Any CPU.Build.0 = Release|Any CPU
	EndGlobalSection
	GlobalSection(SolutionProperties) = preSolution
		HideSolutionNode = FALSE
	EndGlobalSection
	GlobalSection(ExtensibilityGlobals) = postSolution
		SolutionGuid = {4BA6B289-22C1-47FC-8830-260763E54199}
	EndGlobalSection
EndGlobal
